<Solution>
  <Project Path="Ejercicio 1/Ejercicio 1.csproj" />
  <Project Path="Ejercicio 10/Ejercicio 10.csproj" Id="765afe36-3c49-4373-849d-3a2d499d258c" />
  <Project Path="Ejercicio 11/Ejercicio 11.csproj" Id="414555ab-428f-4cb6-a6db-c5ee2267dd07" />
  <Project Path="Ejercicio 12/Ejercicio 12.csproj" Id="ab678bba-64d4-4416-96e8-1cce6aec1df8" />
  <Project Path="Ejercicio 13/Ejercicio 13.csproj" Id="5cd73961-21e2-4077-a4d4-75b019f8f6ab" />
  <Project Path="Ejercicio 14/Ejercicio 14.csproj" Id="f68acaab-e41f-4d12-ac7a-d6d0986e89fb" />
  <Project Path="Ejercicio 15/Ejercicio 15.csproj" Id="4b6d2612-335e-4845-8b31-49ef3a217b7d" />
  <Project Path="Ejercicio 16/Ejercicio 16.csproj" Id="76b90aab-c54b-4d60-bc66-6cda77404e3c" />
  <Project Path="Ejercicio 17/Ejercicio 17.csproj" Id="2aafc8b4-a603-4aed-ae10-3f129e0999bf" />
  <Project Path="Ejercicio 18/Ejercicio 18.csproj" Id="d8e1e934-08d6-4c69-95bc-4f20bc64b60c" />
  <Project Path="Ejercicio 19/Ejercicio 19.csproj" Id="1d1b7630-6b87-4171-b2fe-7f098dccd42a" />
  <Project Path="Ejercicio 2/Ejercicio 2.csproj" Id="0fa8285a-0d5d-481c-8a47-1c2821ab897a" />
  <Project Path="Ejercicio 20/Ejercicio 20.csproj" Id="ccf1f906-17c3-44a8-9cff-583e55e7c8b6" />
  <Project Path="Ejercicio 3/Ejercicio 3.csproj" Id="c30384ef-469b-4d38-862d-a41541e7eba0" />
  <Project Path="Ejercicio 4/Ejercicio 4.csproj" Id="612571ed-e3a4-4acc-8834-899e6e0db737" />
  <Project Path="Ejercicio 5/Ejercicio 5.csproj" Id="1027d165-817e-4df4-a0ac-255214192b45" />
  <Project Path="Ejercicio 6/Ejercicio 6.csproj" Id="8fcbc588-88aa-496f-a748-afbe109496e4" />
  <Project Path="Ejercicio 7/Ejercicio 7.csproj" Id="8a5492af-6640-499b-a288-011eb4d42b45" />
  <Project Path="Ejercicio 8/Ejercicio 8.csproj" Id="c234d16f-2a20-4297-bc04-40d99598e44b" />
  <Project Path="Ejercicio 9/Ejercicio 9.csproj" Id="7ea7fef8-33ea-44ff-9c48-32617146d112" />
</Solution>
