<Solution>
  <Project Path="Ejercicio 1/Ejercicio 1.csproj" />
  <Project Path="Ejercicio 2/Ejercicio 2.csproj" Id="0fa8285a-0d5d-481c-8a47-1c2821ab897a" />
  <Project Path="Ejercicio 3/Ejercicio 3.csproj" Id="c30384ef-469b-4d38-862d-a41541e7eba0" />
  <Project Path="Ejercicio 4/Ejercicio 4.csproj" Id="612571ed-e3a4-4acc-8834-899e6e0db737" />
  <Project Path="Ejercicio 5/Ejercicio 5.csproj" Id="1027d165-817e-4df4-a0ac-255214192b45" />
  <Project Path="Ejercicio 6/Ejercicio 6.csproj" Id="8fcbc588-88aa-496f-a748-afbe109496e4" />
  <Project Path="Ejercicio 7/Ejercicio 7.csproj" Id="8a5492af-6640-499b-a288-011eb4d42b45" />
</Solution>
